
Microsoft Visual Studio Solution File, Format Version 12.00
# Visual Studio Version 17
VisualStudioVersion = 17.0.31717.71
MinimumVisualStudioVersion = 10.0.40219.1
Project("{FAE04EC0-301F-11D3-BF4B-00C04F79EFBC}") = "Box", "GitHub\Box.csproj", "{2B331734-89D9-4A35-9072-4D2B2C4BD181}"
EndProject
Project("{2150E333-8FDC-42A3-9474-1A3956D46DE8}") = "Box", "Box", "{8D685BA2-14A1-406E-9475-2218E9D49ADA}"
EndProject
Project("{2150E333-8FDC-42A3-9474-1A3956D46DE8}") = "IComparer", "IComparer", "{37480615-B1EB-48CC-8DFB-92F279ADBDDF}"
EndProject
Project("{2150E333-8FDC-42A3-9474-1A3956D46DE8}") = "Linq", "Linq", "{D9FA3D1F-A132-4F30-90F9-A1A201ACD659}"
EndProject
Project("{2150E333-8FDC-42A3-9474-1A3956D46DE8}") = "OOP", "OOP", "{A15A48BB-ED66-4EBD-B493-FCC1027CD987}"
EndProject
Project("{FAE04EC0-301F-11D3-BF4B-00C04F79EFBC}") = "IComparer", "IComparer\IComparer.csproj", "{C4889C8A-8280-49DD-BB8D-B530177FA972}"
EndProject
Project("{FAE04EC0-301F-11D3-BF4B-00C04F79EFBC}") = "Linq", "Linq\Linq.csproj", "{02269806-7991-488F-827B-C1053C5A0438}"
EndProject
Project("{FAE04EC0-301F-11D3-BF4B-00C04F79EFBC}") = "OOP", "OOP\OOP.csproj", "{2DAB6C37-BBC6-43F4-8D31-D53FD875C87E}"
EndProject
Global
	GlobalSection(SolutionConfigurationPlatforms) = preSolution
		Debug|Any CPU = Debug|Any CPU
		Release|Any CPU = Release|Any CPU
	EndGlobalSection
	GlobalSection(ProjectConfigurationPlatforms) = postSolution
		{2B331734-89D9-4A35-9072-4D2B2C4BD181}.Debug|Any CPU.ActiveCfg = Debug|Any CPU
		{2B331734-89D9-4A35-9072-4D2B2C4BD181}.Debug|Any CPU.Build.0 = Debug|Any CPU
		{2B331734-89D9-4A35-9072-4D2B2C4BD181}.Release|Any CPU.ActiveCfg = Release|Any CPU
		{2B331734-89D9-4A35-9072-4D2B2C4BD181}.Release|Any CPU.Build.0 = Release|Any CPU
		{C4889C8A-8280-49DD-BB8D-B530177FA972}.Debug|Any CPU.ActiveCfg = Debug|Any CPU
		{C4889C8A-8280-49DD-BB8D-B530177FA972}.Debug|Any CPU.Build.0 = Debug|Any CPU
		{C4889C8A-8280-49DD-BB8D-B530177FA972}.Release|Any CPU.ActiveCfg = Release|Any CPU
		{C4889C8A-8280-49DD-BB8D-B530177FA972}.Release|Any CPU.Build.0 = Release|Any CPU
		{02269806-7991-488F-827B-C1053C5A0438}.Debug|Any CPU.ActiveCfg = Debug|Any CPU
		{02269806-7991-488F-827B-C1053C5A0438}.Debug|Any CPU.Build.0 = Debug|Any CPU
		{02269806-7991-488F-827B-C1053C5A0438}.Release|Any CPU.ActiveCfg = Release|Any CPU
		{02269806-7991-488F-827B-C1053C5A0438}.Release|Any CPU.Build.0 = Release|Any CPU
		{2DAB6C37-BBC6-43F4-8D31-D53FD875C87E}.Debug|Any CPU.ActiveCfg = Debug|Any CPU
		{2DAB6C37-BBC6-43F4-8D31-D53FD875C87E}.Debug|Any CPU.Build.0 = Debug|Any CPU
		{2DAB6C37-BBC6-43F4-8D31-D53FD875C87E}.Release|Any CPU.ActiveCfg = Release|Any CPU
		{2DAB6C37-BBC6-43F4-8D31-D53FD875C87E}.Release|Any CPU.Build.0 = Release|Any CPU
	EndGlobalSection
	GlobalSection(SolutionProperties) = preSolution
		HideSolutionNode = FALSE
	EndGlobalSection
	GlobalSection(NestedProjects) = preSolution
		{2B331734-89D9-4A35-9072-4D2B2C4BD181} = {8D685BA2-14A1-406E-9475-2218E9D49ADA}
		{C4889C8A-8280-49DD-BB8D-B530177FA972} = {37480615-B1EB-48CC-8DFB-92F279ADBDDF}
		{02269806-7991-488F-827B-C1053C5A0438} = {D9FA3D1F-A132-4F30-90F9-A1A201ACD659}
		{2DAB6C37-BBC6-43F4-8D31-D53FD875C87E} = {A15A48BB-ED66-4EBD-B493-FCC1027CD987}
	EndGlobalSection
	GlobalSection(ExtensibilityGlobals) = postSolution
		SolutionGuid = {469A18C7-CABD-417A-AACC-BF1DE9F06AF1}
	EndGlobalSection
EndGlobal
